
Microsoft Visual Studio Solution File, Format Version 12.00
# Visual Studio 14
VisualStudioVersion = 14.0.23107.0
MinimumVisualStudioVersion = 10.0.40219.1
Project("{FAE04EC0-301F-11D3-BF4B-00C04F79EFBC}") = "PokeD.Server.Desktop", "PokeD.Server.Desktop.csproj", "{F092BF10-604E-4742-901B-022BBB0F1EF1}"
EndProject
Project("{FAE04EC0-301F-11D3-BF4B-00C04F79EFBC}") = "PokeD.Core", "PokeD.Core\PokeD.Core.csproj", "{1CF84E56-3BBE-4A3A-9234-5951BF2558C3}"
EndProject
Project("{FAE04EC0-301F-11D3-BF4B-00C04F79EFBC}") = "PokeD.Server", "PokeD.Server\PokeD.Server.csproj", "{32FDE5FC-8692-414A-A0A5-921CE83C709C}"
EndProject
Project("{FAE04EC0-301F-11D3-BF4B-00C04F79EFBC}") = "OpenWeatherMap", "PokeD.Server\OpenWeatherMap\OpenWeatherMap.csproj", "{88CE0793-0612-44BA-81F1-0CE7A248B66F}"
EndProject
Global
	GlobalSection(SolutionConfigurationPlatforms) = preSolution
		Debug|Any CPU = Debug|Any CPU
		Release|Any CPU = Release|Any CPU
	EndGlobalSection
	GlobalSection(ProjectConfigurationPlatforms) = postSolution
		{F092BF10-604E-4742-901B-022BBB0F1EF1}.Debug|Any CPU.ActiveCfg = Debug|Any CPU
		{F092BF10-604E-4742-901B-022BBB0F1EF1}.Debug|Any CPU.Build.0 = Debug|Any CPU
		{F092BF10-604E-4742-901B-022BBB0F1EF1}.Release|Any CPU.ActiveCfg = Release|Any CPU
		{F092BF10-604E-4742-901B-022BBB0F1EF1}.Release|Any CPU.Build.0 = Release|Any CPU
		{1CF84E56-3BBE-4A3A-9234-5951BF2558C3}.Debug|Any CPU.ActiveCfg = Debug|Any CPU
		{1CF84E56-3BBE-4A3A-9234-5951BF2558C3}.Debug|Any CPU.Build.0 = Debug|Any CPU
		{1CF84E56-3BBE-4A3A-9234-5951BF2558C3}.Release|Any CPU.ActiveCfg = Release|Any CPU
		{1CF84E56-3BBE-4A3A-9234-5951BF2558C3}.Release|Any CPU.Build.0 = Release|Any CPU
		{32FDE5FC-8692-414A-A0A5-921CE83C709C}.Debug|Any CPU.ActiveCfg = Debug|Any CPU
		{32FDE5FC-8692-414A-A0A5-921CE83C709C}.Debug|Any CPU.Build.0 = Debug|Any CPU
		{32FDE5FC-8692-414A-A0A5-921CE83C709C}.Release|Any CPU.ActiveCfg = Release|Any CPU
		{32FDE5FC-8692-414A-A0A5-921CE83C709C}.Release|Any CPU.Build.0 = Release|Any CPU
		{88CE0793-0612-44BA-81F1-0CE7A248B66F}.Debug|Any CPU.ActiveCfg = Debug|Any CPU
		{88CE0793-0612-44BA-81F1-0CE7A248B66F}.Debug|Any CPU.Build.0 = Debug|Any CPU
		{88CE0793-0612-44BA-81F1-0CE7A248B66F}.Release|Any CPU.ActiveCfg = Release|Any CPU
		{88CE0793-0612-44BA-81F1-0CE7A248B66F}.Release|Any CPU.Build.0 = Release|Any CPU
	EndGlobalSection
	GlobalSection(SolutionProperties) = preSolution
		HideSolutionNode = FALSE
	EndGlobalSection
EndGlobal
